
Microsoft Visual Studio Solution File, Format Version 12.00
# Visual Studio Version 17
VisualStudioVersion = 17.0.31903.59
MinimumVisualStudioVersion = 10.0.40219.1
Project("{2150E333-8FDC-42A3-9474-1A3956D46DE8}") = "src", "src", "{827E0CD3-B72D-47B6-A68D-7590B98EB39B}"
EndProject
Project("{FAE04EC0-301F-11D3-BF4B-00C04F79EFBC}") = "YtProducer.Api", "src\YtProducer.Api\YtProducer.Api.csproj", "{E4121C9B-A4EE-45B1-AF2B-62AE92770A31}"
EndProject
Project("{FAE04EC0-301F-11D3-BF4B-00C04F79EFBC}") = "YtProducer.Worker", "src\YtProducer.Worker\YtProducer.Worker.csproj", "{39623979-F1C5-4C29-9270-8704AE6E5015}"
EndProject
Project("{FAE04EC0-301F-11D3-BF4B-00C04F79EFBC}") = "YtProducer.Domain", "src\YtProducer.Domain\YtProducer.Domain.csproj", "{657D1B47-6BE9-4FC4-A448-5DC97FB36D58}"
EndProject
Project("{FAE04EC0-301F-11D3-BF4B-00C04F79EFBC}") = "YtProducer.Infrastructure", "src\YtProducer.Infrastructure\YtProducer.Infrastructure.csproj", "{26C9FBFD-57E5-4888-B835-58F521F35A4E}"
EndProject
Project("{FAE04EC0-301F-11D3-BF4B-00C04F79EFBC}") = "YtProducer.Contracts", "src\YtProducer.Contracts\YtProducer.Contracts.csproj", "{964EC07C-FC0A-4140-938A-664E83968E3D}"
EndProject
Global
	GlobalSection(SolutionConfigurationPlatforms) = preSolution
		Debug|Any CPU = Debug|Any CPU
		Debug|x64 = Debug|x64
		Debug|x86 = Debug|x86
		Release|Any CPU = Release|Any CPU
		Release|x64 = Release|x64
		Release|x86 = Release|x86
	EndGlobalSection
	GlobalSection(ProjectConfigurationPlatforms) = postSolution
		{E4121C9B-A4EE-45B1-AF2B-62AE92770A31}.Debug|Any CPU.ActiveCfg = Debug|Any CPU
		{E4121C9B-A4EE-45B1-AF2B-62AE92770A31}.Debug|Any CPU.Build.0 = Debug|Any CPU
		{E4121C9B-A4EE-45B1-AF2B-62AE92770A31}.Debug|x64.ActiveCfg = Debug|Any CPU
		{E4121C9B-A4EE-45B1-AF2B-62AE92770A31}.Debug|x64.Build.0 = Debug|Any CPU
		{E4121C9B-A4EE-45B1-AF2B-62AE92770A31}.Debug|x86.ActiveCfg = Debug|Any CPU
		{E4121C9B-A4EE-45B1-AF2B-62AE92770A31}.Debug|x86.Build.0 = Debug|Any CPU
		{E4121C9B-A4EE-45B1-AF2B-62AE92770A31}.Release|Any CPU.ActiveCfg = Release|Any CPU
		{E4121C9B-A4EE-45B1-AF2B-62AE92770A31}.Release|Any CPU.Build.0 = Release|Any CPU
		{E4121C9B-A4EE-45B1-AF2B-62AE92770A31}.Release|x64.ActiveCfg = Release|Any CPU
		{E4121C9B-A4EE-45B1-AF2B-62AE92770A31}.Release|x64.Build.0 = Release|Any CPU
		{E4121C9B-A4EE-45B1-AF2B-62AE92770A31}.Release|x86.ActiveCfg = Release|Any CPU
		{E4121C9B-A4EE-45B1-AF2B-62AE92770A31}.Release|x86.Build.0 = Release|Any CPU
		{39623979-F1C5-4C29-9270-8704AE6E5015}.Debug|Any CPU.ActiveCfg = Debug|Any CPU
		{39623979-F1C5-4C29-9270-8704AE6E5015}.Debug|Any CPU.Build.0 = Debug|Any CPU
		{39623979-F1C5-4C29-9270-8704AE6E5015}.Debug|x64.ActiveCfg = Debug|Any CPU
		{39623979-F1C5-4C29-9270-8704AE6E5015}.Debug|x64.Build.0 = Debug|Any CPU
		{39623979-F1C5-4C29-9270-8704AE6E5015}.Debug|x86.ActiveCfg = Debug|Any CPU
		{39623979-F1C5-4C29-9270-8704AE6E5015}.Debug|x86.Build.0 = Debug|Any CPU
		{39623979-F1C5-4C29-9270-8704AE6E5015}.Release|Any CPU.ActiveCfg = Release|Any CPU
		{39623979-F1C5-4C29-9270-8704AE6E5015}.Release|Any CPU.Build.0 = Release|Any CPU
		{39623979-F1C5-4C29-9270-8704AE6E5015}.Release|x64.ActiveCfg = Release|Any CPU
		{39623979-F1C5-4C29-9270-8704AE6E5015}.Release|x64.Build.0 = Release|Any CPU
		{39623979-F1C5-4C29-9270-8704AE6E5015}.Release|x86.ActiveCfg = Release|Any CPU
		{39623979-F1C5-4C29-9270-8704AE6E5015}.Release|x86.Build.0 = Release|Any CPU
		{657D1B47-6BE9-4FC4-A448-5DC97FB36D58}.Debug|Any CPU.ActiveCfg = Debug|Any CPU
		{657D1B47-6BE9-4FC4-A448-5DC97FB36D58}.Debug|Any CPU.Build.0 = Debug|Any CPU
		{657D1B47-6BE9-4FC4-A448-5DC97FB36D58}.Debug|x64.ActiveCfg = Debug|Any CPU
		{657D1B47-6BE9-4FC4-A448-5DC97FB36D58}.Debug|x64.Build.0 = Debug|Any CPU
		{657D1B47-6BE9-4FC4-A448-5DC97FB36D58}.Debug|x86.ActiveCfg = Debug|Any CPU
		{657D1B47-6BE9-4FC4-A448-5DC97FB36D58}.Debug|x86.Build.0 = Debug|Any CPU
		{657D1B47-6BE9-4FC4-A448-5DC97FB36D58}.Release|Any CPU.ActiveCfg = Release|Any CPU
		{657D1B47-6BE9-4FC4-A448-5DC97FB36D58}.Release|Any CPU.Build.0 = Release|Any CPU
		{657D1B47-6BE9-4FC4-A448-5DC97FB36D58}.Release|x64.ActiveCfg = Release|Any CPU
		{657D1B47-6BE9-4FC4-A448-5DC97FB36D58}.Release|x64.Build.0 = Release|Any CPU
		{657D1B47-6BE9-4FC4-A448-5DC97FB36D58}.Release|x86.ActiveCfg = Release|Any CPU
		{657D1B47-6BE9-4FC4-A448-5DC97FB36D58}.Release|x86.Build.0 = Release|Any CPU
		{26C9FBFD-57E5-4888-B835-58F521F35A4E}.Debug|Any CPU.ActiveCfg = Debug|Any CPU
		{26C9FBFD-57E5-4888-B835-58F521F35A4E}.Debug|Any CPU.Build.0 = Debug|Any CPU
		{26C9FBFD-57E5-4888-B835-58F521F35A4E}.Debug|x64.ActiveCfg = Debug|Any CPU
		{26C9FBFD-57E5-4888-B835-58F521F35A4E}.Debug|x64.Build.0 = Debug|Any CPU
		{26C9FBFD-57E5-4888-B835-58F521F35A4E}.Debug|x86.ActiveCfg = Debug|Any CPU
		{26C9FBFD-57E5-4888-B835-58F521F35A4E}.Debug|x86.Build.0 = Debug|Any CPU
		{26C9FBFD-57E5-4888-B835-58F521F35A4E}.Release|Any CPU.ActiveCfg = Release|Any CPU
		{26C9FBFD-57E5-4888-B835-58F521F35A4E}.Release|Any CPU.Build.0 = Release|Any CPU
		{26C9FBFD-57E5-4888-B835-58F521F35A4E}.Release|x64.ActiveCfg = Release|Any CPU
		{26C9FBFD-57E5-4888-B835-58F521F35A4E}.Release|x64.Build.0 = Release|Any CPU
		{26C9FBFD-57E5-4888-B835-58F521F35A4E}.Release|x86.ActiveCfg = Release|Any CPU
		{26C9FBFD-57E5-4888-B835-58F521F35A4E}.Release|x86.Build.0 = Release|Any CPU
		{964EC07C-FC0A-4140-938A-664E83968E3D}.Debug|Any CPU.ActiveCfg = Debug|Any CPU
		{964EC07C-FC0A-4140-938A-664E83968E3D}.Debug|Any CPU.Build.0 = Debug|Any CPU
		{964EC07C-FC0A-4140-938A-664E83968E3D}.Debug|x64.ActiveCfg = Debug|Any CPU
		{964EC07C-FC0A-4140-938A-664E83968E3D}.Debug|x64.Build.0 = Debug|Any CPU
		{964EC07C-FC0A-4140-938A-664E83968E3D}.Debug|x86.ActiveCfg = Debug|Any CPU
		{964EC07C-FC0A-4140-938A-664E83968E3D}.Debug|x86.Build.0 = Debug|Any CPU
		{964EC07C-FC0A-4140-938A-664E83968E3D}.Release|Any CPU.ActiveCfg = Release|Any CPU
		{964EC07C-FC0A-4140-938A-664E83968E3D}.Release|Any CPU.Build.0 = Release|Any CPU
		{964EC07C-FC0A-4140-938A-664E83968E3D}.Release|x64.ActiveCfg = Release|Any CPU
		{964EC07C-FC0A-4140-938A-664E83968E3D}.Release|x64.Build.0 = Release|Any CPU
		{964EC07C-FC0A-4140-938A-664E83968E3D}.Release|x86.ActiveCfg = Release|Any CPU
		{964EC07C-FC0A-4140-938A-664E83968E3D}.Release|x86.Build.0 = Release|Any CPU
	EndGlobalSection
	GlobalSection(SolutionProperties) = preSolution
		HideSolutionNode = FALSE
	EndGlobalSection
	GlobalSection(NestedProjects) = preSolution
		{E4121C9B-A4EE-45B1-AF2B-62AE92770A31} = {827E0CD3-B72D-47B6-A68D-7590B98EB39B}
		{39623979-F1C5-4C29-9270-8704AE6E5015} = {827E0CD3-B72D-47B6-A68D-7590B98EB39B}
		{657D1B47-6BE9-4FC4-A448-5DC97FB36D58} = {827E0CD3-B72D-47B6-A68D-7590B98EB39B}
		{26C9FBFD-57E5-4888-B835-58F521F35A4E} = {827E0CD3-B72D-47B6-A68D-7590B98EB39B}
		{964EC07C-FC0A-4140-938A-664E83968E3D} = {827E0CD3-B72D-47B6-A68D-7590B98EB39B}
	EndGlobalSection
EndGlobal
